
Microsoft Visual Studio Solution File, Format Version 12.00
Project("{2150E333-8FDC-42A3-9474-1A3956D46DE8}") = "src", "src", "{5DF40A25-D226-416A-97CB-9E42CE527B34}"
EndProject
Project("{FAE04EC0-301F-11D3-BF4B-00C04F79EFBC}") = "Domain", "Domain\Domain.csproj", "{E1B85DD4-A926-4FDD-9BF8-FFA51BB345EB}"
EndProject
Project("{FAE04EC0-301F-11D3-BF4B-00C04F79EFBC}") = "Infrastructure", "Infrastructure\Infrastructure.csproj", "{FEE34C26-5758-42FF-B823-E8E3DB643A4D}"
EndProject
Project("{FAE04EC0-301F-11D3-BF4B-00C04F79EFBC}") = "Application", "Application\Application.csproj", "{80517F74-B99B-46AD-8BFF-2291F791045D}"
EndProject
Project("{FAE04EC0-301F-11D3-BF4B-00C04F79EFBC}") = "Web.API", "Web.API\Web.API.csproj", "{C8651F39-CE41-427F-A3C3-DC140CE12FB7}"
EndProject
Project("{2150E333-8FDC-42A3-9474-1A3956D46DE8}") = "tests", "tests", "{3D26AC64-7795-436E-B417-FD73ED2ED1BF}"
EndProject
Project("{FAE04EC0-301F-11D3-BF4B-00C04F79EFBC}") = "Application.IntegrationTests", "Application.IntegrationTests\Application.IntegrationTests.csproj", "{B417705E-E042-4B95-A0B5-24167E5E9FE3}"
EndProject
Project("{FAE04EC0-301F-11D3-BF4B-00C04F79EFBC}") = "Application.UnitTests", "Application.UnitTests\Application.UnitTests.csproj", "{4B06195D-F015-43B4-8E02-BC142D8E3FAF}"
EndProject
Global
	GlobalSection(SolutionConfigurationPlatforms) = preSolution
		Debug|Any CPU = Debug|Any CPU
		Release|Any CPU = Release|Any CPU
	EndGlobalSection
	GlobalSection(ProjectConfigurationPlatforms) = postSolution
		{E1B85DD4-A926-4FDD-9BF8-FFA51BB345EB}.Debug|Any CPU.ActiveCfg = Debug|Any CPU
		{E1B85DD4-A926-4FDD-9BF8-FFA51BB345EB}.Debug|Any CPU.Build.0 = Debug|Any CPU
		{E1B85DD4-A926-4FDD-9BF8-FFA51BB345EB}.Release|Any CPU.ActiveCfg = Release|Any CPU
		{E1B85DD4-A926-4FDD-9BF8-FFA51BB345EB}.Release|Any CPU.Build.0 = Release|Any CPU
		{FEE34C26-5758-42FF-B823-E8E3DB643A4D}.Debug|Any CPU.ActiveCfg = Debug|Any CPU
		{FEE34C26-5758-42FF-B823-E8E3DB643A4D}.Debug|Any CPU.Build.0 = Debug|Any CPU
		{FEE34C26-5758-42FF-B823-E8E3DB643A4D}.Release|Any CPU.ActiveCfg = Release|Any CPU
		{FEE34C26-5758-42FF-B823-E8E3DB643A4D}.Release|Any CPU.Build.0 = Release|Any CPU
		{80517F74-B99B-46AD-8BFF-2291F791045D}.Debug|Any CPU.ActiveCfg = Debug|Any CPU
		{80517F74-B99B-46AD-8BFF-2291F791045D}.Debug|Any CPU.Build.0 = Debug|Any CPU
		{80517F74-B99B-46AD-8BFF-2291F791045D}.Release|Any CPU.ActiveCfg = Release|Any CPU
		{80517F74-B99B-46AD-8BFF-2291F791045D}.Release|Any CPU.Build.0 = Release|Any CPU
		{C8651F39-CE41-427F-A3C3-DC140CE12FB7}.Debug|Any CPU.ActiveCfg = Debug|Any CPU
		{C8651F39-CE41-427F-A3C3-DC140CE12FB7}.Debug|Any CPU.Build.0 = Debug|Any CPU
		{C8651F39-CE41-427F-A3C3-DC140CE12FB7}.Release|Any CPU.ActiveCfg = Release|Any CPU
		{C8651F39-CE41-427F-A3C3-DC140CE12FB7}.Release|Any CPU.Build.0 = Release|Any CPU
		{B417705E-E042-4B95-A0B5-24167E5E9FE3}.Debug|Any CPU.ActiveCfg = Debug|Any CPU
		{B417705E-E042-4B95-A0B5-24167E5E9FE3}.Debug|Any CPU.Build.0 = Debug|Any CPU
		{B417705E-E042-4B95-A0B5-24167E5E9FE3}.Release|Any CPU.ActiveCfg = Release|Any CPU
		{B417705E-E042-4B95-A0B5-24167E5E9FE3}.Release|Any CPU.Build.0 = Release|Any CPU
		{4B06195D-F015-43B4-8E02-BC142D8E3FAF}.Debug|Any CPU.ActiveCfg = Debug|Any CPU
		{4B06195D-F015-43B4-8E02-BC142D8E3FAF}.Debug|Any CPU.Build.0 = Debug|Any CPU
		{4B06195D-F015-43B4-8E02-BC142D8E3FAF}.Release|Any CPU.ActiveCfg = Release|Any CPU
		{4B06195D-F015-43B4-8E02-BC142D8E3FAF}.Release|Any CPU.Build.0 = Release|Any CPU
	EndGlobalSection
	GlobalSection(NestedProjects) = preSolution
		{E1B85DD4-A926-4FDD-9BF8-FFA51BB345EB} = {5DF40A25-D226-416A-97CB-9E42CE527B34}
		{FEE34C26-5758-42FF-B823-E8E3DB643A4D} = {5DF40A25-D226-416A-97CB-9E42CE527B34}
		{80517F74-B99B-46AD-8BFF-2291F791045D} = {5DF40A25-D226-416A-97CB-9E42CE527B34}
		{C8651F39-CE41-427F-A3C3-DC140CE12FB7} = {5DF40A25-D226-416A-97CB-9E42CE527B34}
		{B417705E-E042-4B95-A0B5-24167E5E9FE3} = {3D26AC64-7795-436E-B417-FD73ED2ED1BF}
		{4B06195D-F015-43B4-8E02-BC142D8E3FAF} = {3D26AC64-7795-436E-B417-FD73ED2ED1BF}
	EndGlobalSection
EndGlobal
